{
  "version": 4,
  "terraform_version": "1.5.7",
  "serial": 36,
  "lineage": "bef0bdc1-1987-a438-0b02-b61ede0d549e",
  "outputs": {
    "alb_dns_name": {
      "value": "cs6650-assignment03-alb-76159262.us-west-2.elb.amazonaws.com",
      "type": "string"
    },
    "credit_card_service_url": {
      "value": "http://cs6650-assignment03-alb-76159262.us-west-2.elb.amazonaws.com/credit-card",
      "type": "string"
    },
    "ecr_credit_card_service_url": {
      "value": "380328920516.dkr.ecr.us-west-2.amazonaws.com/cs6650-assignment03/credit-card-service",
      "type": "string"
    },
    "ecr_login_command": {
      "value": "aws ecr get-login-password --region us-west-2 | docker login --username AWS --password-stdin $(aws sts get-caller-identity --query Account --output text).dkr.ecr.us-west-2.amazonaws.com",
      "type": "string"
    },
    "ecr_product_service_bad_url": {
      "value": "380328920516.dkr.ecr.us-west-2.amazonaws.com/cs6650-assignment03/product-service-bad",
      "type": "string"
    },
    "ecr_product_service_good_url": {
      "value": "380328920516.dkr.ecr.us-west-2.amazonaws.com/cs6650-assignment03/product-service-good",
      "type": "string"
    },
    "ecr_shopping_cart_service_url": {
      "value": "380328920516.dkr.ecr.us-west-2.amazonaws.com/cs6650-assignment03/shopping-cart-service",
      "type": "string"
    },
    "ecr_warehouse_consumer_url": {
      "value": "380328920516.dkr.ecr.us-west-2.amazonaws.com/cs6650-assignment03/warehouse-consumer",
      "type": "string"
    },
    "ecs_cluster_name": {
      "value": "cs6650-assignment03-cluster",
      "type": "string"
    },
    "product_service_good_url": {
      "value": "http://cs6650-assignment03-alb-76159262.us-west-2.elb.amazonaws.com/product",
      "type": "string"
    },
    "shopping_cart_service_url": {
      "value": "http://cs6650-assignment03-alb-76159262.us-west-2.elb.amazonaws.com/shopping-cart",
      "type": "string"
    },
    "test_checkout_endpoint": {
      "value": "curl -X POST http://cs6650-assignment03-alb-76159262.us-west-2.elb.amazonaws.com/shopping-cart/checkout -H 'Content-Type: application/json' -d '{\"shoppingCartId\":1,\"creditCard\":\"1234-5678-9012-3456\"}'",
      "type": "string"
    },
    "test_product_endpoint": {
      "value": "curl -X POST http://cs6650-assignment03-alb-76159262.us-west-2.elb.amazonaws.com/product -H 'Content-Type: application/json' -d '{\"name\":\"TestProduct\",\"price\":9.99}'",
      "type": "string"
    }
  },
  "resources": [
    {
      "mode": "data",
      "type": "aws_iam_role",
      "name": "lab_role",
      "provider": "provider[\"registry.terraform.io/hashicorp/aws\"]",
      "instances": [
        {
          "schema_version": 0,
          "attributes": {
            "arn": "arn:aws:iam::380328920516:role/LabRole",
            "assume_role_policy": "{\"Version\":\"2012-10-17\",\"Statement\":[{\"Effect\":\"Allow\",\"Principal\":{\"Service\":[\"kinesisanalytics.amazonaws.com\",\"kinesis.amazonaws.com\",\"firehose.amazonaws.com\",\"servicecatalog.amazonaws.com\",\"pipes.amazonaws.com\",\"backup.amazonaws.com\",\"apigateway.amazonaws.com\",\"states.amazonaws.com\",\"events.amazonaws.com\",\"batch.amazonaws.com\",\"scheduler.amazonaws.com\",\"s3.amazonaws.com\",\"ec2.application-autoscaling.amazonaws.com\",\"cloudformation.amazonaws.com\",\"kms.amazonaws.com\",\"codecommit.amazonaws.com\",\"iotanalytics.amazonaws.com\",\"sns.amazonaws.com\",\"elasticbeanstalk.amazonaws.com\",\"iotevents.amazonaws.com\",\"ssm.amazonaws.com\",\"databrew.amazonaws.com\",\"sagemaker.amazonaws.com\",\"deepracer.amazonaws.com\",\"cloudtrail.amazonaws.com\",\"eks-fargate-pods.amazonaws.com\",\"cognito-idp.amazonaws.com\",\"glue.amazonaws.com\",\"dynamodb.amazonaws.com\",\"elasticmapreduce.amazonaws.com\",\"cloud9.amazonaws.com\",\"eks.amazonaws.com\",\"credentials.iot.amazonaws.com\",\"sqs.amazonaws.com\",\"logs.amazonaws.com\",\"secretsmanager.amazonaws.com\",\"redshift.amazonaws.com\",\"codedeploy.amazonaws.com\",\"elasticloadbalancing.amazonaws.com\",\"ecs.amazonaws.com\",\"application-autoscaling.amazonaws.com\",\"rekognition.amazonaws.com\",\"lambda.amazonaws.com\",\"elasticfilesystem.amazonaws.com\",\"ecs-tasks.amazonaws.com\",\"resource-groups.amazonaws.com\",\"autoscaling.amazonaws.com\",\"codewhisperer.amazonaws.com\",\"ec2.amazonaws.com\",\"rds.amazonaws.com\",\"iot.amazonaws.com\",\"athena.amazonaws.com\",\"forecast.amazonaws.com\"],\"AWS\":\"arn:aws:iam::380328920516:role/LabRole\"},\"Action\":\"sts:AssumeRole\"}]}",
            "create_date": "2026-01-19T05:25:12Z",
            "description": "",
            "id": "LabRole",
            "max_session_duration": 3600,
            "name": "LabRole",
            "path": "/",
            "permissions_boundary": "",
            "role_last_used": [
              {
                "last_used_date": "2026-02-18T10:17:45Z",
                "region": "us-west-2"
              }
            ],
            "tags": {
              "cloudlab": "c194702a4998612l13513750t1w380328920516"
            },
            "unique_id": "AROAVRDK6YXCBQRJUR27R"
          },
          "sensitive_attributes": []
        }
      ]
    },
    {
      "mode": "data",
      "type": "aws_subnets",
      "name": "default",
      "provider": "provider[\"registry.terraform.io/hashicorp/aws\"]",
      "instances": [
        {
          "schema_version": 0,
          "attributes": {
            "filter": [
              {
                "name": "default-for-az",
                "values": [
                  "true"
                ]
              },
              {
                "name": "vpc-id",
                "values": [
                  "vpc-0e40add122b19c2be"
                ]
              }
            ],
            "id": "us-west-2",
            "ids": [
              "subnet-073dccc526a5769b3",
              "subnet-0ef8bc5b373e300f6",
              "subnet-022860ef7369da08f",
              "subnet-03864d529315a5d2c"
            ],
            "tags": null,
            "timeouts": null
          },
          "sensitive_attributes": []
        }
      ]
    },
    {
      "mode": "data",
      "type": "aws_vpc",
      "name": "default",
      "provider": "provider[\"registry.terraform.io/hashicorp/aws\"]",
      "instances": [
        {
          "schema_version": 0,
          "attributes": {
            "arn": "arn:aws:ec2:us-west-2:380328920516:vpc/vpc-0e40add122b19c2be",
            "cidr_block": "172.31.0.0/16",
            "cidr_block_associations": [
              {
                "association_id": "vpc-cidr-assoc-0911e534d03b04600",
                "cidr_block": "172.31.0.0/16",
                "state": "associated"
              }
            ],
            "default": true,
            "dhcp_options_id": "dopt-0f0e58707d1337631",
            "enable_dns_hostnames": true,
            "enable_dns_support": true,
            "enable_network_address_usage_metrics": false,
            "filter": null,
            "id": "vpc-0e40add122b19c2be",
            "instance_tenancy": "default",
            "ipv6_association_id": "",
            "ipv6_cidr_block": "",
            "main_route_table_id": "rtb-0bae0aeecbca408da",
            "owner_id": "380328920516",
            "state": null,
            "tags": {},
            "timeouts": null
          },
          "sensitive_attributes": []
        }
      ]
    },
    {
      "mode": "managed",
      "type": "aws_cloudwatch_log_group",
      "name": "credit_card_service",
      "provider": "provider[\"registry.terraform.io/hashicorp/aws\"]",
      "instances": [
        {
          "schema_version": 0,
          "attributes": {
            "arn": "arn:aws:logs:us-west-2:380328920516:log-group:/ecs/cs6650-assignment03/credit-card-service",
            "id": "/ecs/cs6650-assignment03/credit-card-service",
            "kms_key_id": "",
            "log_group_class": "STANDARD",
            "name": "/ecs/cs6650-assignment03/credit-card-service",
            "name_prefix": "",
            "retention_in_days": 7,
            "skip_destroy": false,
            "tags": {
              "Project": "cs6650-assignment03"
            },
            "tags_all": {
              "Project": "cs6650-assignment03"
            }
          },
          "sensitive_attributes": [],
          "private": "bnVsbA=="
        }
      ]
    },
    {
      "mode": "managed",
      "type": "aws_cloudwatch_log_group",
      "name": "product_service_bad",
      "provider": "provider[\"registry.terraform.io/hashicorp/aws\"]",
      "instances": [
        {
          "schema_version": 0,
          "attributes": {
            "arn": "arn:aws:logs:us-west-2:380328920516:log-group:/ecs/cs6650-assignment03/product-service-bad",
            "id": "/ecs/cs6650-assignment03/product-service-bad",
            "kms_key_id": "",
            "log_group_class": "STANDARD",
            "name": "/ecs/cs6650-assignment03/product-service-bad",
            "name_prefix": "",
            "retention_in_days": 7,
            "skip_destroy": false,
            "tags": {
              "Project": "cs6650-assignment03"
            },
            "tags_all": {
              "Project": "cs6650-assignment03"
            }
          },
          "sensitive_attributes": [],
          "private": "bnVsbA=="
        }
      ]
    },
    {
      "mode": "managed",
      "type": "aws_cloudwatch_log_group",
      "name": "product_service_good",
      "provider": "provider[\"registry.terraform.io/hashicorp/aws\"]",
      "instances": [
        {
          "schema_version": 0,
          "attributes": {
            "arn": "arn:aws:logs:us-west-2:380328920516:log-group:/ecs/cs6650-assignment03/product-service-good",
            "id": "/ecs/cs6650-assignment03/product-service-good",
            "kms_key_id": "",
            "log_group_class": "STANDARD",
            "name": "/ecs/cs6650-assignment03/product-service-good",
            "name_prefix": "",
            "retention_in_days": 7,
            "skip_destroy": false,
            "tags": {
              "Project": "cs6650-assignment03"
            },
            "tags_all": {
              "Project": "cs6650-assignment03"
            }
          },
          "sensitive_attributes": [],
          "private": "bnVsbA=="
        }
      ]
    },
    {
      "mode": "managed",
      "type": "aws_cloudwatch_log_group",
      "name": "rabbitmq",
      "provider": "provider[\"registry.terraform.io/hashicorp/aws\"]",
      "instances": [
        {
          "schema_version": 0,
          "attributes": {
            "arn": "arn:aws:logs:us-west-2:380328920516:log-group:/ecs/cs6650-assignment03/rabbitmq",
            "id": "/ecs/cs6650-assignment03/rabbitmq",
            "kms_key_id": "",
            "log_group_class": "STANDARD",
            "name": "/ecs/cs6650-assignment03/rabbitmq",
            "name_prefix": "",
            "retention_in_days": 7,
            "skip_destroy": false,
            "tags": {
              "Project": "cs6650-assignment03"
            },
            "tags_all": {
              "Project": "cs6650-assignment03"
            }
          },
          "sensitive_attributes": [],
          "private": "bnVsbA=="
        }
      ]
    },
    {
      "mode": "managed",
      "type": "aws_cloudwatch_log_group",
      "name": "shopping_cart_service",
      "provider": "provider[\"registry.terraform.io/hashicorp/aws\"]",
      "instances": [
        {
          "schema_version": 0,
          "attributes": {
            "arn": "arn:aws:logs:us-west-2:380328920516:log-group:/ecs/cs6650-assignment03/shopping-cart-service",
            "id": "/ecs/cs6650-assignment03/shopping-cart-service",
            "kms_key_id": "",
            "log_group_class": "STANDARD",
            "name": "/ecs/cs6650-assignment03/shopping-cart-service",
            "name_prefix": "",
            "retention_in_days": 7,
            "skip_destroy": false,
            "tags": {
              "Project": "cs6650-assignment03"
            },
            "tags_all": {
              "Project": "cs6650-assignment03"
            }
          },
          "sensitive_attributes": [],
          "private": "bnVsbA=="
        }
      ]
    },
    {
      "mode": "managed",
      "type": "aws_cloudwatch_log_group",
      "name": "warehouse_consumer",
      "provider": "provider[\"registry.terraform.io/hashicorp/aws\"]",
      "instances": [
        {
          "schema_version": 0,
          "attributes": {
            "arn": "arn:aws:logs:us-west-2:380328920516:log-group:/ecs/cs6650-assignment03/warehouse-consumer",
            "id": "/ecs/cs6650-assignment03/warehouse-consumer",
            "kms_key_id": "",
            "log_group_class": "STANDARD",
            "name": "/ecs/cs6650-assignment03/warehouse-consumer",
            "name_prefix": "",
            "retention_in_days": 7,
            "skip_destroy": false,
            "tags": {
              "Project": "cs6650-assignment03"
            },
            "tags_all": {
              "Project": "cs6650-assignment03"
            }
          },
          "sensitive_attributes": [],
          "private": "bnVsbA=="
        }
      ]
    },
    {
      "mode": "managed",
      "type": "aws_ecr_repository",
      "name": "credit_card_service",
      "provider": "provider[\"registry.terraform.io/hashicorp/aws\"]",
      "instances": [
        {
          "schema_version": 0,
          "attributes": {
            "arn": "arn:aws:ecr:us-west-2:380328920516:repository/cs6650-assignment03/credit-card-service",
            "encryption_configuration": [
              {
                "encryption_type": "AES256",
                "kms_key": ""
              }
            ],
            "force_delete": true,
            "id": "cs6650-assignment03/credit-card-service",
            "image_scanning_configuration": [
              {
                "scan_on_push": false
              }
            ],
            "image_tag_mutability": "MUTABLE",
            "name": "cs6650-assignment03/credit-card-service",
            "registry_id": "380328920516",
            "repository_url": "380328920516.dkr.ecr.us-west-2.amazonaws.com/cs6650-assignment03/credit-card-service",
            "tags": {
              "Name": "cs6650-assignment03-credit-card-service",
              "Project": "cs6650-assignment03"
            },
            "tags_all": {
              "Name": "cs6650-assignment03-credit-card-service",
              "Project": "cs6650-assignment03"
            },
            "timeouts": null
          },
          "sensitive_attributes": [],
          "private": "eyJlMmJmYjczMC1lY2FhLTExZTYtOGY4OC0zNDM2M2JjN2M0YzAiOnsiZGVsZXRlIjoxMjAwMDAwMDAwMDAwfX0="
        }
      ]
    },
    {
      "mode": "managed",
      "type": "aws_ecr_repository",
      "name": "product_service_bad",
      "provider": "provider[\"registry.terraform.io/hashicorp/aws\"]",
      "instances": [
        {
          "schema_version": 0,
          "attributes": {
            "arn": "arn:aws:ecr:us-west-2:380328920516:repository/cs6650-assignment03/product-service-bad",
            "encryption_configuration": [
              {
                "encryption_type": "AES256",
                "kms_key": ""
              }
            ],
            "force_delete": true,
            "id": "cs6650-assignment03/product-service-bad",
            "image_scanning_configuration": [
              {
                "scan_on_push": false
              }
            ],
            "image_tag_mutability": "MUTABLE",
            "name": "cs6650-assignment03/product-service-bad",
            "registry_id": "380328920516",
            "repository_url": "380328920516.dkr.ecr.us-west-2.amazonaws.com/cs6650-assignment03/product-service-bad",
            "tags": {
              "Name": "cs6650-assignment03-product-service-bad",
              "Project": "cs6650-assignment03"
            },
            "tags_all": {
              "Name": "cs6650-assignment03-product-service-bad",
              "Project": "cs6650-assignment03"
            },
            "timeouts": null
          },
          "sensitive_attributes": [],
          "private": "eyJlMmJmYjczMC1lY2FhLTExZTYtOGY4OC0zNDM2M2JjN2M0YzAiOnsiZGVsZXRlIjoxMjAwMDAwMDAwMDAwfX0="
        }
      ]
    },
    {
      "mode": "managed",
      "type": "aws_ecr_repository",
      "name": "product_service_good",
      "provider": "provider[\"registry.terraform.io/hashicorp/aws\"]",
      "instances": [
        {
          "schema_version": 0,
          "attributes": {
            "arn": "arn:aws:ecr:us-west-2:380328920516:repository/cs6650-assignment03/product-service-good",
            "encryption_configuration": [
              {
                "encryption_type": "AES256",
                "kms_key": ""
              }
            ],
            "force_delete": true,
            "id": "cs6650-assignment03/product-service-good",
            "image_scanning_configuration": [
              {
                "scan_on_push": false
              }
            ],
            "image_tag_mutability": "MUTABLE",
            "name": "cs6650-assignment03/product-service-good",
            "registry_id": "380328920516",
            "repository_url": "380328920516.dkr.ecr.us-west-2.amazonaws.com/cs6650-assignment03/product-service-good",
            "tags": {
              "Name": "cs6650-assignment03-product-service-good",
              "Project": "cs6650-assignment03"
            },
            "tags_all": {
              "Name": "cs6650-assignment03-product-service-good",
              "Project": "cs6650-assignment03"
            },
            "timeouts": null
          },
          "sensitive_attributes": [],
          "private": "eyJlMmJmYjczMC1lY2FhLTExZTYtOGY4OC0zNDM2M2JjN2M0YzAiOnsiZGVsZXRlIjoxMjAwMDAwMDAwMDAwfX0="
        }
      ]
    },
    {
      "mode": "managed",
      "type": "aws_ecr_repository",
      "name": "shopping_cart_service",
      "provider": "provider[\"registry.terraform.io/hashicorp/aws\"]",
      "instances": [
        {
          "schema_version": 0,
          "attributes": {
            "arn": "arn:aws:ecr:us-west-2:380328920516:repository/cs6650-assignment03/shopping-cart-service",
            "encryption_configuration": [
              {
                "encryption_type": "AES256",
                "kms_key": ""
              }
            ],
            "force_delete": true,
            "id": "cs6650-assignment03/shopping-cart-service",
            "image_scanning_configuration": [
              {
                "scan_on_push": false
              }
            ],
            "image_tag_mutability": "MUTABLE",
            "name": "cs6650-assignment03/shopping-cart-service",
            "registry_id": "380328920516",
            "repository_url": "380328920516.dkr.ecr.us-west-2.amazonaws.com/cs6650-assignment03/shopping-cart-service",
            "tags": {
              "Name": "cs6650-assignment03-shopping-cart-service",
              "Project": "cs6650-assignment03"
            },
            "tags_all": {
              "Name": "cs6650-assignment03-shopping-cart-service",
              "Project": "cs6650-assignment03"
            },
            "timeouts": null
          },
          "sensitive_attributes": [],
          "private": "eyJlMmJmYjczMC1lY2FhLTExZTYtOGY4OC0zNDM2M2JjN2M0YzAiOnsiZGVsZXRlIjoxMjAwMDAwMDAwMDAwfX0="
        }
      ]
    },
    {
      "mode": "managed",
      "type": "aws_ecr_repository",
      "name": "warehouse_consumer",
      "provider": "provider[\"registry.terraform.io/hashicorp/aws\"]",
      "instances": [
        {
          "schema_version": 0,
          "attributes": {
            "arn": "arn:aws:ecr:us-west-2:380328920516:repository/cs6650-assignment03/warehouse-consumer",
            "encryption_configuration": [
              {
                "encryption_type": "AES256",
                "kms_key": ""
              }
            ],
            "force_delete": true,
            "id": "cs6650-assignment03/warehouse-consumer",
            "image_scanning_configuration": [
              {
                "scan_on_push": false
              }
            ],
            "image_tag_mutability": "MUTABLE",
            "name": "cs6650-assignment03/warehouse-consumer",
            "registry_id": "380328920516",
            "repository_url": "380328920516.dkr.ecr.us-west-2.amazonaws.com/cs6650-assignment03/warehouse-consumer",
            "tags": {
              "Name": "cs6650-assignment03-warehouse-consumer",
              "Project": "cs6650-assignment03"
            },
            "tags_all": {
              "Name": "cs6650-assignment03-warehouse-consumer",
              "Project": "cs6650-assignment03"
            },
            "timeouts": null
          },
          "sensitive_attributes": [],
          "private": "eyJlMmJmYjczMC1lY2FhLTExZTYtOGY4OC0zNDM2M2JjN2M0YzAiOnsiZGVsZXRlIjoxMjAwMDAwMDAwMDAwfX0="
        }
      ]
    },
    {
      "mode": "managed",
      "type": "aws_ecs_cluster",
      "name": "main",
      "provider": "provider[\"registry.terraform.io/hashicorp/aws\"]",
      "instances": [
        {
          "schema_version": 0,
          "attributes": {
            "arn": "arn:aws:ecs:us-west-2:380328920516:cluster/cs6650-assignment03-cluster",
            "configuration": [],
            "id": "arn:aws:ecs:us-west-2:380328920516:cluster/cs6650-assignment03-cluster",
            "name": "cs6650-assignment03-cluster",
            "service_connect_defaults": [],
            "setting": [
              {
                "name": "containerInsights",
                "value": "enabled"
              }
            ],
            "tags": {
              "Name": "cs6650-assignment03-cluster",
              "Project": "cs6650-assignment03"
            },
            "tags_all": {
              "Name": "cs6650-assignment03-cluster",
              "Project": "cs6650-assignment03"
            }
          },
          "sensitive_attributes": [],
          "private": "bnVsbA=="
        }
      ]
    },
    {
      "mode": "managed",
      "type": "aws_ecs_service",
      "name": "credit_card_service",
      "provider": "provider[\"registry.terraform.io/hashicorp/aws\"]",
      "instances": [
        {
          "schema_version": 1,
          "attributes": {
            "alarms": [],
            "availability_zone_rebalancing": "DISABLED",
            "capacity_provider_strategy": [],
            "cluster": "arn:aws:ecs:us-west-2:380328920516:cluster/cs6650-assignment03-cluster",
            "deployment_circuit_breaker": [
              {
                "enable": false,
                "rollback": false
              }
            ],
            "deployment_controller": [
              {
                "type": "ECS"
              }
            ],
            "deployment_maximum_percent": 200,
            "deployment_minimum_healthy_percent": 100,
            "desired_count": 1,
            "enable_ecs_managed_tags": false,
            "enable_execute_command": false,
            "force_delete": null,
            "force_new_deployment": null,
            "health_check_grace_period_seconds": 0,
            "iam_role": "/aws-service-role/ecs.amazonaws.com/AWSServiceRoleForECS",
            "id": "arn:aws:ecs:us-west-2:380328920516:service/cs6650-assignment03-cluster/cs6650-assignment03-credit-card-service",
            "launch_type": "FARGATE",
            "load_balancer": [
              {
                "container_name": "credit-card-service",
                "container_port": 8080,
                "elb_name": "",
                "target_group_arn": "arn:aws:elasticloadbalancing:us-west-2:380328920516:targetgroup/cs6650-assignment03-cca-tg/33137814b0bf455b"
              }
            ],
            "name": "cs6650-assignment03-credit-card-service",
            "network_configuration": [
              {
                "assign_public_ip": true,
                "security_groups": [
                  "sg-09af785f3d5f50aba"
                ],
                "subnets": [
                  "subnet-022860ef7369da08f",
                  "subnet-03864d529315a5d2c",
                  "subnet-073dccc526a5769b3",
                  "subnet-0ef8bc5b373e300f6"
                ]
              }
            ],
            "ordered_placement_strategy": [],
            "placement_constraints": [],
            "platform_version": "LATEST",
            "propagate_tags": "NONE",
            "scheduling_strategy": "REPLICA",
            "service_connect_configuration": [],
            "service_registries": [],
            "tags": {
              "Name": "cs6650-assignment03-credit-card-service",
              "Project": "cs6650-assignment03"
            },
            "tags_all": {
              "Name": "cs6650-assignment03-credit-card-service",
              "Project": "cs6650-assignment03"
            },
            "task_definition": "arn:aws:ecs:us-west-2:380328920516:task-definition/cs6650-assignment03-credit-card-service:1",
            "timeouts": null,
            "triggers": {},
            "volume_configuration": [],
            "vpc_lattice_configurations": [],
            "wait_for_steady_state": false
          },
          "sensitive_attributes": [],
          "private": "eyJlMmJmYjczMC1lY2FhLTExZTYtOGY4OC0zNDM2M2JjN2M0YzAiOnsiY3JlYXRlIjoxMjAwMDAwMDAwMDAwLCJkZWxldGUiOjEyMDAwMDAwMDAwMDAsInVwZGF0ZSI6MTIwMDAwMDAwMDAwMH0sInNjaGVtYV92ZXJzaW9uIjoiMSJ9",
          "dependencies": [
            "aws_cloudwatch_log_group.credit_card_service",
            "aws_ecr_repository.credit_card_service",
            "aws_ecs_cluster.main",
            "aws_ecs_task_definition.credit_card_service",
            "aws_lb.main",
            "aws_lb_listener.http",
            "aws_lb_target_group.credit_card",
            "aws_security_group.alb",
            "aws_security_group.ecs_services",
            "data.aws_iam_role.lab_role",
            "data.aws_subnets.default",
            "data.aws_vpc.default"
          ]
        }
      ]
    },
    {
      "mode": "managed",
      "type": "aws_ecs_service",
      "name": "product_service_bad",
      "provider": "provider[\"registry.terraform.io/hashicorp/aws\"]",
      "instances": [
        {
          "schema_version": 1,
          "attributes": {
            "alarms": [],
            "availability_zone_rebalancing": "DISABLED",
            "capacity_provider_strategy": [],
            "cluster": "arn:aws:ecs:us-west-2:380328920516:cluster/cs6650-assignment03-cluster",
            "deployment_circuit_breaker": [
              {
                "enable": false,
                "rollback": false
              }
            ],
            "deployment_controller": [
              {
                "type": "ECS"
              }
            ],
            "deployment_maximum_percent": 200,
            "deployment_minimum_healthy_percent": 100,
            "desired_count": 1,
            "enable_ecs_managed_tags": false,
            "enable_execute_command": false,
            "force_delete": null,
            "force_new_deployment": null,
            "health_check_grace_period_seconds": 0,
            "iam_role": "/aws-service-role/ecs.amazonaws.com/AWSServiceRoleForECS",
            "id": "arn:aws:ecs:us-west-2:380328920516:service/cs6650-assignment03-cluster/cs6650-assignment03-product-service-bad",
            "launch_type": "FARGATE",
            "load_balancer": [
              {
                "container_name": "product-service-bad",
                "container_port": 8080,
                "elb_name": "",
                "target_group_arn": "arn:aws:elasticloadbalancing:us-west-2:380328920516:targetgroup/cs6650-assignment03-product-tg/186af8a2338d69b7"
              }
            ],
            "name": "cs6650-assignment03-product-service-bad",
            "network_configuration": [
              {
                "assign_public_ip": true,
                "security_groups": [
                  "sg-09af785f3d5f50aba"
                ],
                "subnets": [
                  "subnet-022860ef7369da08f",
                  "subnet-03864d529315a5d2c",
                  "subnet-073dccc526a5769b3",
                  "subnet-0ef8bc5b373e300f6"
                ]
              }
            ],
            "ordered_placement_strategy": [],
            "placement_constraints": [],
            "platform_version": "LATEST",
            "propagate_tags": "NONE",
            "scheduling_strategy": "REPLICA",
            "service_connect_configuration": [],
            "service_registries": [],
            "tags": {
              "Name": "cs6650-assignment03-product-service-bad",
              "Project": "cs6650-assignment03"
            },
            "tags_all": {
              "Name": "cs6650-assignment03-product-service-bad",
              "Project": "cs6650-assignment03"
            },
            "task_definition": "arn:aws:ecs:us-west-2:380328920516:task-definition/cs6650-assignment03-product-service-bad:1",
            "timeouts": null,
            "triggers": {},
            "volume_configuration": [],
            "vpc_lattice_configurations": [],
            "wait_for_steady_state": false
          },
          "sensitive_attributes": [],
          "private": "eyJlMmJmYjczMC1lY2FhLTExZTYtOGY4OC0zNDM2M2JjN2M0YzAiOnsiY3JlYXRlIjoxMjAwMDAwMDAwMDAwLCJkZWxldGUiOjEyMDAwMDAwMDAwMDAsInVwZGF0ZSI6MTIwMDAwMDAwMDAwMH0sInNjaGVtYV92ZXJzaW9uIjoiMSJ9",
          "dependencies": [
            "aws_cloudwatch_log_group.product_service_bad",
            "aws_ecr_repository.product_service_bad",
            "aws_ecs_cluster.main",
            "aws_ecs_task_definition.product_service_bad",
            "aws_lb.main",
            "aws_lb_listener.http",
            "aws_lb_target_group.product",
            "aws_security_group.alb",
            "aws_security_group.ecs_services",
            "data.aws_iam_role.lab_role",
            "data.aws_subnets.default",
            "data.aws_vpc.default"
          ]
        }
      ]
    },
    {
      "mode": "managed",
      "type": "aws_ecs_service",
      "name": "product_service_good",
      "provider": "provider[\"registry.terraform.io/hashicorp/aws\"]",
      "instances": [
        {
          "schema_version": 1,
          "attributes": {
            "alarms": [],
            "availability_zone_rebalancing": "DISABLED",
            "capacity_provider_strategy": [],
            "cluster": "arn:aws:ecs:us-west-2:380328920516:cluster/cs6650-assignment03-cluster",
            "deployment_circuit_breaker": [
              {
                "enable": false,
                "rollback": false
              }
            ],
            "deployment_controller": [
              {
                "type": "ECS"
              }
            ],
            "deployment_maximum_percent": 200,
            "deployment_minimum_healthy_percent": 100,
            "desired_count": 2,
            "enable_ecs_managed_tags": false,
            "enable_execute_command": false,
            "force_delete": null,
            "force_new_deployment": null,
            "health_check_grace_period_seconds": 0,
            "iam_role": "/aws-service-role/ecs.amazonaws.com/AWSServiceRoleForECS",
            "id": "arn:aws:ecs:us-west-2:380328920516:service/cs6650-assignment03-cluster/cs6650-assignment03-product-service-good",
            "launch_type": "FARGATE",
            "load_balancer": [
              {
                "container_name": "product-service-good",
                "container_port": 8080,
                "elb_name": "",
                "target_group_arn": "arn:aws:elasticloadbalancing:us-west-2:380328920516:targetgroup/cs6650-assignment03-product-tg/186af8a2338d69b7"
              }
            ],
            "name": "cs6650-assignment03-product-service-good",
            "network_configuration": [
              {
                "assign_public_ip": true,
                "security_groups": [
                  "sg-09af785f3d5f50aba"
                ],
                "subnets": [
                  "subnet-022860ef7369da08f",
                  "subnet-03864d529315a5d2c",
                  "subnet-073dccc526a5769b3",
                  "subnet-0ef8bc5b373e300f6"
                ]
              }
            ],
            "ordered_placement_strategy": [],
            "placement_constraints": [],
            "platform_version": "LATEST",
            "propagate_tags": "NONE",
            "scheduling_strategy": "REPLICA",
            "service_connect_configuration": [],
            "service_registries": [],
            "tags": {
              "Name": "cs6650-assignment03-product-service-good",
              "Project": "cs6650-assignment03"
            },
            "tags_all": {
              "Name": "cs6650-assignment03-product-service-good",
              "Project": "cs6650-assignment03"
            },
            "task_definition": "arn:aws:ecs:us-west-2:380328920516:task-definition/cs6650-assignment03-product-service-good:1",
            "timeouts": null,
            "triggers": {},
            "volume_configuration": [],
            "vpc_lattice_configurations": [],
            "wait_for_steady_state": false
          },
          "sensitive_attributes": [],
          "private": "eyJlMmJmYjczMC1lY2FhLTExZTYtOGY4OC0zNDM2M2JjN2M0YzAiOnsiY3JlYXRlIjoxMjAwMDAwMDAwMDAwLCJkZWxldGUiOjEyMDAwMDAwMDAwMDAsInVwZGF0ZSI6MTIwMDAwMDAwMDAwMH0sInNjaGVtYV92ZXJzaW9uIjoiMSJ9",
          "dependencies": [
            "aws_cloudwatch_log_group.product_service_good",
            "aws_ecr_repository.product_service_good",
            "aws_ecs_cluster.main",
            "aws_ecs_task_definition.product_service_good",
            "aws_lb.main",
            "aws_lb_listener.http",
            "aws_lb_target_group.product",
            "aws_security_group.alb",
            "aws_security_group.ecs_services",
            "data.aws_iam_role.lab_role",
            "data.aws_subnets.default",
            "data.aws_vpc.default"
          ]
        }
      ]
    },
    {
      "mode": "managed",
      "type": "aws_ecs_service",
      "name": "rabbitmq",
      "provider": "provider[\"registry.terraform.io/hashicorp/aws\"]",
      "instances": [
        {
          "schema_version": 1,
          "attributes": {
            "alarms": [],
            "availability_zone_rebalancing": "DISABLED",
            "capacity_provider_strategy": [],
            "cluster": "arn:aws:ecs:us-west-2:380328920516:cluster/cs6650-assignment03-cluster",
            "deployment_circuit_breaker": [
              {
                "enable": false,
                "rollback": false
              }
            ],
            "deployment_controller": [
              {
                "type": "ECS"
              }
            ],
            "deployment_maximum_percent": 200,
            "deployment_minimum_healthy_percent": 100,
            "desired_count": 1,
            "enable_ecs_managed_tags": false,
            "enable_execute_command": false,
            "force_delete": null,
            "force_new_deployment": null,
            "health_check_grace_period_seconds": 0,
            "iam_role": "/aws-service-role/ecs.amazonaws.com/AWSServiceRoleForECS",
            "id": "arn:aws:ecs:us-west-2:380328920516:service/cs6650-assignment03-cluster/cs6650-assignment03-rabbitmq",
            "launch_type": "FARGATE",
            "load_balancer": [],
            "name": "cs6650-assignment03-rabbitmq",
            "network_configuration": [
              {
                "assign_public_ip": true,
                "security_groups": [
                  "sg-085fc017359faf1c0"
                ],
                "subnets": [
                  "subnet-022860ef7369da08f",
                  "subnet-03864d529315a5d2c",
                  "subnet-073dccc526a5769b3",
                  "subnet-0ef8bc5b373e300f6"
                ]
              }
            ],
            "ordered_placement_strategy": [],
            "placement_constraints": [],
            "platform_version": "LATEST",
            "propagate_tags": "NONE",
            "scheduling_strategy": "REPLICA",
            "service_connect_configuration": [],
            "service_registries": [],
            "tags": {
              "Name": "cs6650-assignment03-rabbitmq",
              "Project": "cs6650-assignment03"
            },
            "tags_all": {
              "Name": "cs6650-assignment03-rabbitmq",
              "Project": "cs6650-assignment03"
            },
            "task_definition": "arn:aws:ecs:us-west-2:380328920516:task-definition/cs6650-assignment03-rabbitmq:1",
            "timeouts": null,
            "triggers": {},
            "volume_configuration": [],
            "vpc_lattice_configurations": [],
            "wait_for_steady_state": false
          },
          "sensitive_attributes": [],
          "private": "eyJlMmJmYjczMC1lY2FhLTExZTYtOGY4OC0zNDM2M2JjN2M0YzAiOnsiY3JlYXRlIjoxMjAwMDAwMDAwMDAwLCJkZWxldGUiOjEyMDAwMDAwMDAwMDAsInVwZGF0ZSI6MTIwMDAwMDAwMDAwMH0sInNjaGVtYV92ZXJzaW9uIjoiMSJ9",
          "dependencies": [
            "aws_cloudwatch_log_group.rabbitmq",
            "aws_ecs_cluster.main",
            "aws_ecs_task_definition.rabbitmq",
            "aws_security_group.alb",
            "aws_security_group.ecs_services",
            "aws_security_group.rabbitmq",
            "data.aws_iam_role.lab_role",
            "data.aws_subnets.default",
            "data.aws_vpc.default"
          ]
        }
      ]
    },
    {
      "mode": "managed",
      "type": "aws_ecs_service",
      "name": "shopping_cart_service",
      "provider": "provider[\"registry.terraform.io/hashicorp/aws\"]",
      "instances": [
        {
          "schema_version": 1,
          "attributes": {
            "alarms": [],
            "availability_zone_rebalancing": "DISABLED",
            "capacity_provider_strategy": [],
            "cluster": "arn:aws:ecs:us-west-2:380328920516:cluster/cs6650-assignment03-cluster",
            "deployment_circuit_breaker": [
              {
                "enable": false,
                "rollback": false
              }
            ],
            "deployment_controller": [
              {
                "type": "ECS"
              }
            ],
            "deployment_maximum_percent": 200,
            "deployment_minimum_healthy_percent": 100,
            "desired_count": 2,
            "enable_ecs_managed_tags": false,
            "enable_execute_command": false,
            "force_delete": null,
            "force_new_deployment": null,
            "health_check_grace_period_seconds": 0,
            "iam_role": "/aws-service-role/ecs.amazonaws.com/AWSServiceRoleForECS",
            "id": "arn:aws:ecs:us-west-2:380328920516:service/cs6650-assignment03-cluster/cs6650-assignment03-shopping-cart-service",
            "launch_type": "FARGATE",
            "load_balancer": [
              {
                "container_name": "shopping-cart-service",
                "container_port": 8080,
                "elb_name": "",
                "target_group_arn": "arn:aws:elasticloadbalancing:us-west-2:380328920516:targetgroup/cs6650-assignment03-cart-tg/b5a7f944a2077b6a"
              }
            ],
            "name": "cs6650-assignment03-shopping-cart-service",
            "network_configuration": [
              {
                "assign_public_ip": true,
                "security_groups": [
                  "sg-09af785f3d5f50aba"
                ],
                "subnets": [
                  "subnet-022860ef7369da08f",
                  "subnet-03864d529315a5d2c",
                  "subnet-073dccc526a5769b3",
                  "subnet-0ef8bc5b373e300f6"
                ]
              }
            ],
            "ordered_placement_strategy": [],
            "placement_constraints": [],
            "platform_version": "LATEST",
            "propagate_tags": "NONE",
            "scheduling_strategy": "REPLICA",
            "service_connect_configuration": [],
            "service_registries": [],
            "tags": {
              "Name": "cs6650-assignment03-shopping-cart-service",
              "Project": "cs6650-assignment03"
            },
            "tags_all": {
              "Name": "cs6650-assignment03-shopping-cart-service",
              "Project": "cs6650-assignment03"
            },
            "task_definition": "arn:aws:ecs:us-west-2:380328920516:task-definition/cs6650-assignment03-shopping-cart-service:1",
            "timeouts": null,
            "triggers": {},
            "volume_configuration": [],
            "vpc_lattice_configurations": [],
            "wait_for_steady_state": false
          },
          "sensitive_attributes": [],
          "private": "eyJlMmJmYjczMC1lY2FhLTExZTYtOGY4OC0zNDM2M2JjN2M0YzAiOnsiY3JlYXRlIjoxMjAwMDAwMDAwMDAwLCJkZWxldGUiOjEyMDAwMDAwMDAwMDAsInVwZGF0ZSI6MTIwMDAwMDAwMDAwMH0sInNjaGVtYV92ZXJzaW9uIjoiMSJ9",
          "dependencies": [
            "aws_cloudwatch_log_group.shopping_cart_service",
            "aws_ecr_repository.shopping_cart_service",
            "aws_ecs_cluster.main",
            "aws_ecs_task_definition.shopping_cart_service",
            "aws_lb.main",
            "aws_lb_listener.http",
            "aws_lb_target_group.shopping_cart",
            "aws_security_group.alb",
            "aws_security_group.ecs_services",
            "data.aws_iam_role.lab_role",
            "data.aws_subnets.default",
            "data.aws_vpc.default"
          ]
        }
      ]
    },
    {
      "mode": "managed",
      "type": "aws_ecs_service",
      "name": "warehouse_consumer",
      "provider": "provider[\"registry.terraform.io/hashicorp/aws\"]",
      "instances": [
        {
          "schema_version": 1,
          "attributes": {
            "alarms": [],
            "availability_zone_rebalancing": "DISABLED",
            "capacity_provider_strategy": [],
            "cluster": "arn:aws:ecs:us-west-2:380328920516:cluster/cs6650-assignment03-cluster",
            "deployment_circuit_breaker": [
              {
                "enable": false,
                "rollback": false
              }
            ],
            "deployment_controller": [
              {
                "type": "ECS"
              }
            ],
            "deployment_maximum_percent": 200,
            "deployment_minimum_healthy_percent": 100,
            "desired_count": 1,
            "enable_ecs_managed_tags": false,
            "enable_execute_command": false,
            "force_delete": null,
            "force_new_deployment": null,
            "health_check_grace_period_seconds": 0,
            "iam_role": "/aws-service-role/ecs.amazonaws.com/AWSServiceRoleForECS",
            "id": "arn:aws:ecs:us-west-2:380328920516:service/cs6650-assignment03-cluster/cs6650-assignment03-warehouse-consumer",
            "launch_type": "FARGATE",
            "load_balancer": [],
            "name": "cs6650-assignment03-warehouse-consumer",
            "network_configuration": [
              {
                "assign_public_ip": true,
                "security_groups": [
                  "sg-09af785f3d5f50aba"
                ],
                "subnets": [
                  "subnet-022860ef7369da08f",
                  "subnet-03864d529315a5d2c",
                  "subnet-073dccc526a5769b3",
                  "subnet-0ef8bc5b373e300f6"
                ]
              }
            ],
            "ordered_placement_strategy": [],
            "placement_constraints": [],
            "platform_version": "LATEST",
            "propagate_tags": "NONE",
            "scheduling_strategy": "REPLICA",
            "service_connect_configuration": [],
            "service_registries": [],
            "tags": {
              "Name": "cs6650-assignment03-warehouse-consumer",
              "Project": "cs6650-assignment03"
            },
            "tags_all": {
              "Name": "cs6650-assignment03-warehouse-consumer",
              "Project": "cs6650-assignment03"
            },
            "task_definition": "arn:aws:ecs:us-west-2:380328920516:task-definition/cs6650-assignment03-warehouse-consumer:1",
            "timeouts": null,
            "triggers": {},
            "volume_configuration": [],
            "vpc_lattice_configurations": [],
            "wait_for_steady_state": false
          },
          "sensitive_attributes": [],
          "private": "eyJlMmJmYjczMC1lY2FhLTExZTYtOGY4OC0zNDM2M2JjN2M0YzAiOnsiY3JlYXRlIjoxMjAwMDAwMDAwMDAwLCJkZWxldGUiOjEyMDAwMDAwMDAwMDAsInVwZGF0ZSI6MTIwMDAwMDAwMDAwMH0sInNjaGVtYV92ZXJzaW9uIjoiMSJ9",
          "dependencies": [
            "aws_cloudwatch_log_group.rabbitmq",
            "aws_cloudwatch_log_group.warehouse_consumer",
            "aws_ecr_repository.warehouse_consumer",
            "aws_ecs_cluster.main",
            "aws_ecs_service.rabbitmq",
            "aws_ecs_task_definition.rabbitmq",
            "aws_ecs_task_definition.warehouse_consumer",
            "aws_security_group.alb",
            "aws_security_group.ecs_services",
            "aws_security_group.rabbitmq",
            "data.aws_iam_role.lab_role",
            "data.aws_subnets.default",
            "data.aws_vpc.default"
          ]
        }
      ]
    },
    {
      "mode": "managed",
      "type": "aws_ecs_task_definition",
      "name": "credit_card_service",
      "provider": "provider[\"registry.terraform.io/hashicorp/aws\"]",
      "instances": [
        {
          "schema_version": 1,
          "attributes": {
            "arn": "arn:aws:ecs:us-west-2:380328920516:task-definition/cs6650-assignment03-credit-card-service:1",
            "arn_without_revision": "arn:aws:ecs:us-west-2:380328920516:task-definition/cs6650-assignment03-credit-card-service",
            "container_definitions": "[{\"environment\":[],\"essential\":true,\"image\":\"380328920516.dkr.ecr.us-west-2.amazonaws.com/cs6650-assignment03/credit-card-service:latest\",\"logConfiguration\":{\"logDriver\":\"awslogs\",\"options\":{\"awslogs-region\":\"us-west-2\",\"awslogs-stream-prefix\":\"cca\",\"awslogs-group\":\"/ecs/cs6650-assignment03/credit-card-service\"}},\"mountPoints\":[],\"name\":\"credit-card-service\",\"portMappings\":[{\"containerPort\":8080,\"hostPort\":8080,\"protocol\":\"tcp\"}],\"systemControls\":[],\"volumesFrom\":[]}]",
            "cpu": "512",
            "enable_fault_injection": false,
            "ephemeral_storage": [],
            "execution_role_arn": "arn:aws:iam::380328920516:role/LabRole",
            "family": "cs6650-assignment03-credit-card-service",
            "id": "cs6650-assignment03-credit-card-service",
            "inference_accelerator": [],
            "ipc_mode": "",
            "memory": "1024",
            "network_mode": "awsvpc",
            "pid_mode": "",
            "placement_constraints": [],
            "proxy_configuration": [],
            "requires_compatibilities": [
              "FARGATE"
            ],
            "revision": 1,
            "runtime_platform": [],
            "skip_destroy": false,
            "tags": {
              "Name": "cs6650-assignment03-credit-card-service",
              "Project": "cs6650-assignment03"
            },
            "tags_all": {
              "Name": "cs6650-assignment03-credit-card-service",
              "Project": "cs6650-assignment03"
            },
            "task_role_arn": "arn:aws:iam::380328920516:role/LabRole",
            "track_latest": false,
            "volume": []
          },
          "sensitive_attributes": [],
          "private": "eyJzY2hlbWFfdmVyc2lvbiI6IjEifQ==",
          "dependencies": [
            "aws_cloudwatch_log_group.credit_card_service",
            "aws_ecr_repository.credit_card_service",
            "data.aws_iam_role.lab_role"
          ]
        }
      ]
    },
    {
      "mode": "managed",
      "type": "aws_ecs_task_definition",
      "name": "product_service_bad",
      "provider": "provider[\"registry.terraform.io/hashicorp/aws\"]",
      "instances": [
        {
          "schema_version": 1,
          "attributes": {
            "arn": "arn:aws:ecs:us-west-2:380328920516:task-definition/cs6650-assignment03-product-service-bad:1",
            "arn_without_revision": "arn:aws:ecs:us-west-2:380328920516:task-definition/cs6650-assignment03-product-service-bad",
            "container_definitions": "[{\"environment\":[],\"essential\":true,\"image\":\"380328920516.dkr.ecr.us-west-2.amazonaws.com/cs6650-assignment03/product-service-bad:latest\",\"logConfiguration\":{\"logDriver\":\"awslogs\",\"options\":{\"awslogs-group\":\"/ecs/cs6650-assignment03/product-service-bad\",\"awslogs-region\":\"us-west-2\",\"awslogs-stream-prefix\":\"product-bad\"}},\"mountPoints\":[],\"name\":\"product-service-bad\",\"portMappings\":[{\"containerPort\":8080,\"hostPort\":8080,\"protocol\":\"tcp\"}],\"systemControls\":[],\"volumesFrom\":[]}]",
            "cpu": "512",
            "enable_fault_injection": false,
            "ephemeral_storage": [],
            "execution_role_arn": "arn:aws:iam::380328920516:role/LabRole",
            "family": "cs6650-assignment03-product-service-bad",
            "id": "cs6650-assignment03-product-service-bad",
            "inference_accelerator": [],
            "ipc_mode": "",
            "memory": "1024",
            "network_mode": "awsvpc",
            "pid_mode": "",
            "placement_constraints": [],
            "proxy_configuration": [],
            "requires_compatibilities": [
              "FARGATE"
            ],
            "revision": 1,
            "runtime_platform": [],
            "skip_destroy": false,
            "tags": {
              "Name": "cs6650-assignment03-product-service-bad",
              "Project": "cs6650-assignment03"
            },
            "tags_all": {
              "Name": "cs6650-assignment03-product-service-bad",
              "Project": "cs6650-assignment03"
            },
            "task_role_arn": "arn:aws:iam::380328920516:role/LabRole",
            "track_latest": false,
            "volume": []
          },
          "sensitive_attributes": [],
          "private": "eyJzY2hlbWFfdmVyc2lvbiI6IjEifQ==",
          "dependencies": [
            "aws_cloudwatch_log_group.product_service_bad",
            "aws_ecr_repository.product_service_bad",
            "data.aws_iam_role.lab_role"
          ]
        }
      ]
    },
    {
      "mode": "managed",
      "type": "aws_ecs_task_definition",
      "name": "product_service_good",
      "provider": "provider[\"registry.terraform.io/hashicorp/aws\"]",
      "instances": [
        {
          "schema_version": 1,
          "attributes": {
            "arn": "arn:aws:ecs:us-west-2:380328920516:task-definition/cs6650-assignment03-product-service-good:1",
            "arn_without_revision": "arn:aws:ecs:us-west-2:380328920516:task-definition/cs6650-assignment03-product-service-good",
            "container_definitions": "[{\"environment\":[],\"essential\":true,\"image\":\"380328920516.dkr.ecr.us-west-2.amazonaws.com/cs6650-assignment03/product-service-good:latest\",\"logConfiguration\":{\"logDriver\":\"awslogs\",\"options\":{\"awslogs-group\":\"/ecs/cs6650-assignment03/product-service-good\",\"awslogs-region\":\"us-west-2\",\"awslogs-stream-prefix\":\"product\"}},\"mountPoints\":[],\"name\":\"product-service-good\",\"portMappings\":[{\"containerPort\":8080,\"hostPort\":8080,\"protocol\":\"tcp\"}],\"systemControls\":[],\"volumesFrom\":[]}]",
            "cpu": "512",
            "enable_fault_injection": false,
            "ephemeral_storage": [],
            "execution_role_arn": "arn:aws:iam::380328920516:role/LabRole",
            "family": "cs6650-assignment03-product-service-good",
            "id": "cs6650-assignment03-product-service-good",
            "inference_accelerator": [],
            "ipc_mode": "",
            "memory": "1024",
            "network_mode": "awsvpc",
            "pid_mode": "",
            "placement_constraints": [],
            "proxy_configuration": [],
            "requires_compatibilities": [
              "FARGATE"
            ],
            "revision": 1,
            "runtime_platform": [],
            "skip_destroy": false,
            "tags": {
              "Name": "cs6650-assignment03-product-service-good",
              "Project": "cs6650-assignment03"
            },
            "tags_all": {
              "Name": "cs6650-assignment03-product-service-good",
              "Project": "cs6650-assignment03"
            },
            "task_role_arn": "arn:aws:iam::380328920516:role/LabRole",
            "track_latest": false,
            "volume": []
          },
          "sensitive_attributes": [],
          "private": "eyJzY2hlbWFfdmVyc2lvbiI6IjEifQ==",
          "dependencies": [
            "aws_cloudwatch_log_group.product_service_good",
            "aws_ecr_repository.product_service_good",
            "data.aws_iam_role.lab_role"
          ]
        }
      ]
    },
    {
      "mode": "managed",
      "type": "aws_ecs_task_definition",
      "name": "rabbitmq",
      "provider": "provider[\"registry.terraform.io/hashicorp/aws\"]",
      "instances": [
        {
          "schema_version": 1,
          "attributes": {
            "arn": "arn:aws:ecs:us-west-2:380328920516:task-definition/cs6650-assignment03-rabbitmq:1",
            "arn_without_revision": "arn:aws:ecs:us-west-2:380328920516:task-definition/cs6650-assignment03-rabbitmq",
            "container_definitions": "[{\"environment\":[{\"name\":\"RABBITMQ_DEFAULT_PASS\",\"value\":\"guest\"},{\"name\":\"RABBITMQ_DEFAULT_USER\",\"value\":\"guest\"}],\"essential\":true,\"image\":\"rabbitmq:3-management\",\"logConfiguration\":{\"logDriver\":\"awslogs\",\"options\":{\"awslogs-group\":\"/ecs/cs6650-assignment03/rabbitmq\",\"awslogs-region\":\"us-west-2\",\"awslogs-stream-prefix\":\"rabbitmq\"}},\"mountPoints\":[],\"name\":\"rabbitmq\",\"portMappings\":[{\"containerPort\":5672,\"hostPort\":5672,\"protocol\":\"tcp\"},{\"containerPort\":15672,\"hostPort\":15672,\"protocol\":\"tcp\"}],\"systemControls\":[],\"volumesFrom\":[]}]",
            "cpu": "1024",
            "enable_fault_injection": false,
            "ephemeral_storage": [],
            "execution_role_arn": "arn:aws:iam::380328920516:role/LabRole",
            "family": "cs6650-assignment03-rabbitmq",
            "id": "cs6650-assignment03-rabbitmq",
            "inference_accelerator": [],
            "ipc_mode": "",
            "memory": "2048",
            "network_mode": "awsvpc",
            "pid_mode": "",
            "placement_constraints": [],
            "proxy_configuration": [],
            "requires_compatibilities": [
              "FARGATE"
            ],
            "revision": 1,
            "runtime_platform": [],
            "skip_destroy": false,
            "tags": {
              "Name": "cs6650-assignment03-rabbitmq",
              "Project": "cs6650-assignment03"
            },
            "tags_all": {
              "Name": "cs6650-assignment03-rabbitmq",
              "Project": "cs6650-assignment03"
            },
            "task_role_arn": "arn:aws:iam::380328920516:role/LabRole",
            "track_latest": false,
            "volume": []
          },
          "sensitive_attributes": [
            [
              {
                "type": "get_attr",
                "value": "container_definitions"
              }
            ]
          ],
          "private": "eyJzY2hlbWFfdmVyc2lvbiI6IjEifQ==",
          "dependencies": [
            "aws_cloudwatch_log_group.rabbitmq",
            "data.aws_iam_role.lab_role"
          ]
        }
      ]
    },
    {
      "mode": "managed",
      "type": "aws_ecs_task_definition",
      "name": "shopping_cart_service",
      "provider": "provider[\"registry.terraform.io/hashicorp/aws\"]",
      "instances": [
        {
          "schema_version": 1,
          "attributes": {
            "arn": "arn:aws:ecs:us-west-2:380328920516:task-definition/cs6650-assignment03-shopping-cart-service:1",
            "arn_without_revision": "arn:aws:ecs:us-west-2:380328920516:task-definition/cs6650-assignment03-shopping-cart-service",
            "container_definitions": "[{\"environment\":[{\"name\":\"CCA_BASE_URL\",\"value\":\"http://cs6650-assignment03-alb-76159262.us-west-2.elb.amazonaws.com\"},{\"name\":\"RMQ_CONFIRM_TIMEOUT_MS\",\"value\":\"5000\"},{\"name\":\"SHIP_QUEUE\",\"value\":\"ship-order\"},{\"name\":\"SPRING_RABBITMQ_HOST\",\"value\":\"REPLACE_WITH_RABBITMQ_PRIVATE_IP\"},{\"name\":\"SPRING_RABBITMQ_PASSWORD\",\"value\":\"guest\"},{\"name\":\"SPRING_RABBITMQ_PORT\",\"value\":\"5672\"},{\"name\":\"SPRING_RABBITMQ_USERNAME\",\"value\":\"guest\"}],\"essential\":true,\"image\":\"380328920516.dkr.ecr.us-west-2.amazonaws.com/cs6650-assignment03/shopping-cart-service:latest\",\"logConfiguration\":{\"logDriver\":\"awslogs\",\"options\":{\"awslogs-group\":\"/ecs/cs6650-assignment03/shopping-cart-service\",\"awslogs-region\":\"us-west-2\",\"awslogs-stream-prefix\":\"cart\"}},\"mountPoints\":[],\"name\":\"shopping-cart-service\",\"portMappings\":[{\"containerPort\":8080,\"hostPort\":8080,\"protocol\":\"tcp\"}],\"systemControls\":[],\"volumesFrom\":[]}]",
            "cpu": "512",
            "enable_fault_injection": false,
            "ephemeral_storage": [],
            "execution_role_arn": "arn:aws:iam::380328920516:role/LabRole",
            "family": "cs6650-assignment03-shopping-cart-service",
            "id": "cs6650-assignment03-shopping-cart-service",
            "inference_accelerator": [],
            "ipc_mode": "",
            "memory": "1024",
            "network_mode": "awsvpc",
            "pid_mode": "",
            "placement_constraints": [],
            "proxy_configuration": [],
            "requires_compatibilities": [
              "FARGATE"
            ],
            "revision": 1,
            "runtime_platform": [],
            "skip_destroy": false,
            "tags": {
              "Name": "cs6650-assignment03-shopping-cart-service",
              "Project": "cs6650-assignment03"
            },
            "tags_all": {
              "Name": "cs6650-assignment03-shopping-cart-service",
              "Project": "cs6650-assignment03"
            },
            "task_role_arn": "arn:aws:iam::380328920516:role/LabRole",
            "track_latest": false,
            "volume": []
          },
          "sensitive_attributes": [
            [
              {
                "type": "get_attr",
                "value": "container_definitions"
              }
            ]
          ],
          "private": "eyJzY2hlbWFfdmVyc2lvbiI6IjEifQ==",
          "dependencies": [
            "aws_cloudwatch_log_group.shopping_cart_service",
            "aws_ecr_repository.shopping_cart_service",
            "aws_lb.main",
            "aws_security_group.alb",
            "data.aws_iam_role.lab_role",
            "data.aws_subnets.default",
            "data.aws_vpc.default"
          ]
        }
      ]
    },
    {
      "mode": "managed",
      "type": "aws_ecs_task_definition",
      "name": "warehouse_consumer",
      "provider": "provider[\"registry.terraform.io/hashicorp/aws\"]",
      "instances": [
        {
          "schema_version": 1,
          "attributes": {
            "arn": "arn:aws:ecs:us-west-2:380328920516:task-definition/cs6650-assignment03-warehouse-consumer:1",
            "arn_without_revision": "arn:aws:ecs:us-west-2:380328920516:task-definition/cs6650-assignment03-warehouse-consumer",
            "container_definitions": "[{\"environment\":[{\"name\":\"CONSUMER_CONCURRENCY\",\"value\":\"8\"},{\"name\":\"SHIP_QUEUE\",\"value\":\"ship-order\"},{\"name\":\"SPRING_RABBITMQ_HOST\",\"value\":\"REPLACE_WITH_RABBITMQ_PRIVATE_IP\"},{\"name\":\"SPRING_RABBITMQ_PASSWORD\",\"value\":\"guest\"},{\"name\":\"SPRING_RABBITMQ_PORT\",\"value\":\"5672\"},{\"name\":\"SPRING_RABBITMQ_USERNAME\",\"value\":\"guest\"}],\"essential\":true,\"image\":\"380328920516.dkr.ecr.us-west-2.amazonaws.com/cs6650-assignment03/warehouse-consumer:latest\",\"logConfiguration\":{\"logDriver\":\"awslogs\",\"options\":{\"awslogs-region\":\"us-west-2\",\"awslogs-stream-prefix\":\"warehouse\",\"awslogs-group\":\"/ecs/cs6650-assignment03/warehouse-consumer\"}},\"mountPoints\":[],\"name\":\"warehouse-consumer\",\"portMappings\":[],\"systemControls\":[],\"volumesFrom\":[]}]",
            "cpu": "512",
            "enable_fault_injection": false,
            "ephemeral_storage": [],
            "execution_role_arn": "arn:aws:iam::380328920516:role/LabRole",
            "family": "cs6650-assignment03-warehouse-consumer",
            "id": "cs6650-assignment03-warehouse-consumer",
            "inference_accelerator": [],
            "ipc_mode": "",
            "memory": "1024",
            "network_mode": "awsvpc",
            "pid_mode": "",
            "placement_constraints": [],
            "proxy_configuration": [],
            "requires_compatibilities": [
              "FARGATE"
            ],
            "revision": 1,
            "runtime_platform": [],
            "skip_destroy": false,
            "tags": {
              "Name": "cs6650-assignment03-warehouse-consumer",
              "Project": "cs6650-assignment03"
            },
            "tags_all": {
              "Name": "cs6650-assignment03-warehouse-consumer",
              "Project": "cs6650-assignment03"
            },
            "task_role_arn": "arn:aws:iam::380328920516:role/LabRole",
            "track_latest": false,
            "volume": []
          },
          "sensitive_attributes": [
            [
              {
                "type": "get_attr",
                "value": "container_definitions"
              }
            ]
          ],
          "private": "eyJzY2hlbWFfdmVyc2lvbiI6IjEifQ==",
          "dependencies": [
            "aws_cloudwatch_log_group.warehouse_consumer",
            "aws_ecr_repository.warehouse_consumer",
            "data.aws_iam_role.lab_role"
          ]
        }
      ]
    },
    {
      "mode": "managed",
      "type": "aws_lb",
      "name": "main",
      "provider": "provider[\"registry.terraform.io/hashicorp/aws\"]",
      "instances": [
        {
          "schema_version": 0,
          "attributes": {
            "access_logs": [
              {
                "bucket": "",
                "enabled": false,
                "prefix": ""
              }
            ],
            "arn": "arn:aws:elasticloadbalancing:us-west-2:380328920516:loadbalancer/app/cs6650-assignment03-alb/e8f309b58096d062",
            "arn_suffix": "app/cs6650-assignment03-alb/e8f309b58096d062",
            "client_keep_alive": 3600,
            "connection_logs": [
              {
                "bucket": "",
                "enabled": false,
                "prefix": ""
              }
            ],
            "customer_owned_ipv4_pool": "",
            "desync_mitigation_mode": "defensive",
            "dns_name": "cs6650-assignment03-alb-76159262.us-west-2.elb.amazonaws.com",
            "dns_record_client_routing_policy": null,
            "drop_invalid_header_fields": false,
            "enable_cross_zone_load_balancing": true,
            "enable_deletion_protection": false,
            "enable_http2": true,
            "enable_tls_version_and_cipher_suite_headers": false,
            "enable_waf_fail_open": false,
            "enable_xff_client_port": false,
            "enable_zonal_shift": false,
            "enforce_security_group_inbound_rules_on_private_link_traffic": "",
            "id": "arn:aws:elasticloadbalancing:us-west-2:380328920516:loadbalancer/app/cs6650-assignment03-alb/e8f309b58096d062",
            "idle_timeout": 60,
            "internal": false,
            "ip_address_type": "ipv4",
            "ipam_pools": [],
            "load_balancer_type": "application",
            "minimum_load_balancer_capacity": [],
            "name": "cs6650-assignment03-alb",
            "name_prefix": "",
            "preserve_host_header": false,
            "security_groups": [
              "sg-01e35663af7c64f81"
            ],
            "subnet_mapping": [
              {
                "allocation_id": "",
                "ipv6_address": "",
                "outpost_id": "",
                "private_ipv4_address": "",
                "subnet_id": "subnet-022860ef7369da08f"
              },
              {
                "allocation_id": "",
                "ipv6_address": "",
                "outpost_id": "",
                "private_ipv4_address": "",
                "subnet_id": "subnet-03864d529315a5d2c"
              },
              {
                "allocation_id": "",
                "ipv6_address": "",
                "outpost_id": "",
                "private_ipv4_address": "",
                "subnet_id": "subnet-073dccc526a5769b3"
              },
              {
                "allocation_id": "",
                "ipv6_address": "",
                "outpost_id": "",
                "private_ipv4_address": "",
                "subnet_id": "subnet-0ef8bc5b373e300f6"
              }
            ],
            "subnets": [
              "subnet-022860ef7369da08f",
              "subnet-03864d529315a5d2c",
              "subnet-073dccc526a5769b3",
              "subnet-0ef8bc5b373e300f6"
            ],
            "tags": {
              "Name": "cs6650-assignment03-alb",
              "Project": "cs6650-assignment03"
            },
            "tags_all": {
              "Name": "cs6650-assignment03-alb",
              "Project": "cs6650-assignment03"
            },
            "timeouts": null,
            "vpc_id": "vpc-0e40add122b19c2be",
            "xff_header_processing_mode": "append",
            "zone_id": "Z1H1FL5HABSF5"
          },
          "sensitive_attributes": [],
          "private": "eyJlMmJmYjczMC1lY2FhLTExZTYtOGY4OC0zNDM2M2JjN2M0YzAiOnsiY3JlYXRlIjo2MDAwMDAwMDAwMDAsImRlbGV0ZSI6NjAwMDAwMDAwMDAwLCJ1cGRhdGUiOjYwMDAwMDAwMDAwMH19",
          "dependencies": [
            "aws_security_group.alb",
            "data.aws_subnets.default",
            "data.aws_vpc.default"
          ]
        }
      ]
    },
    {
      "mode": "managed",
      "type": "aws_lb_listener",
      "name": "http",
      "provider": "provider[\"registry.terraform.io/hashicorp/aws\"]",
      "instances": [
        {
          "schema_version": 0,
          "attributes": {
            "alpn_policy": null,
            "arn": "arn:aws:elasticloadbalancing:us-west-2:380328920516:listener/app/cs6650-assignment03-alb/e8f309b58096d062/c05afe00675a4a1d",
            "certificate_arn": null,
            "default_action": [
              {
                "authenticate_cognito": [],
                "authenticate_oidc": [],
                "fixed_response": [
                  {
                    "content_type": "text/plain",
                    "message_body": "No matching route found",
                    "status_code": "404"
                  }
                ],
                "forward": [],
                "order": 1,
                "redirect": [],
                "target_group_arn": "",
                "type": "fixed-response"
              }
            ],
            "id": "arn:aws:elasticloadbalancing:us-west-2:380328920516:listener/app/cs6650-assignment03-alb/e8f309b58096d062/c05afe00675a4a1d",
            "load_balancer_arn": "arn:aws:elasticloadbalancing:us-west-2:380328920516:loadbalancer/app/cs6650-assignment03-alb/e8f309b58096d062",
            "mutual_authentication": [],
            "port": 80,
            "protocol": "HTTP",
            "routing_http_request_x_amzn_mtls_clientcert_header_name": null,
            "routing_http_request_x_amzn_mtls_clientcert_issuer_header_name": null,
            "routing_http_request_x_amzn_mtls_clientcert_leaf_header_name": null,
            "routing_http_request_x_amzn_mtls_clientcert_serial_number_header_name": null,
            "routing_http_request_x_amzn_mtls_clientcert_subject_header_name": null,
            "routing_http_request_x_amzn_mtls_clientcert_validity_header_name": null,
            "routing_http_request_x_amzn_tls_cipher_suite_header_name": null,
            "routing_http_request_x_amzn_tls_version_header_name": null,
            "routing_http_response_access_control_allow_credentials_header_value": "",
            "routing_http_response_access_control_allow_headers_header_value": "",
            "routing_http_response_access_control_allow_methods_header_value": "",
            "routing_http_response_access_control_allow_origin_header_value": "",
            "routing_http_response_access_control_expose_headers_header_value": "",
            "routing_http_response_access_control_max_age_header_value": "",
            "routing_http_response_content_security_policy_header_value": "",
            "routing_http_response_server_enabled": true,
            "routing_http_response_strict_transport_security_header_value": "",
            "routing_http_response_x_content_type_options_header_value": "",
            "routing_http_response_x_frame_options_header_value": "",
            "ssl_policy": "",
            "tags": {
              "Name": "cs6650-assignment03-http-listener",
              "Project": "cs6650-assignment03"
            },
            "tags_all": {
              "Name": "cs6650-assignment03-http-listener",
              "Project": "cs6650-assignment03"
            },
            "tcp_idle_timeout_seconds": null,
            "timeouts": null
          },
          "sensitive_attributes": [],
          "private": "eyJlMmJmYjczMC1lY2FhLTExZTYtOGY4OC0zNDM2M2JjN2M0YzAiOnsiY3JlYXRlIjozMDAwMDAwMDAwMDAsInVwZGF0ZSI6MzAwMDAwMDAwMDAwfX0=",
          "dependencies": [
            "aws_lb.main",
            "aws_security_group.alb",
            "data.aws_subnets.default",
            "data.aws_vpc.default"
          ]
        }
      ]
    },
    {
      "mode": "managed",
      "type": "aws_lb_listener_rule",
      "name": "credit_card_routing",
      "provider": "provider[\"registry.terraform.io/hashicorp/aws\"]",
      "instances": [
        {
          "schema_version": 0,
          "attributes": {
            "action": [
              {
                "authenticate_cognito": [],
                "authenticate_oidc": [],
                "fixed_response": [],
                "forward": [],
                "order": 1,
                "redirect": [],
                "target_group_arn": "arn:aws:elasticloadbalancing:us-west-2:380328920516:targetgroup/cs6650-assignment03-cca-tg/33137814b0bf455b",
                "type": "forward"
              }
            ],
            "arn": "arn:aws:elasticloadbalancing:us-west-2:380328920516:listener-rule/app/cs6650-assignment03-alb/e8f309b58096d062/c05afe00675a4a1d/b6aa46fa6be48db5",
            "condition": [
              {
                "host_header": [],
                "http_header": [],
                "http_request_method": [],
                "path_pattern": [
                  {
                    "values": [
                      "/credit-card*"
                    ]
                  }
                ],
                "query_string": [],
                "source_ip": []
              }
            ],
            "id": "arn:aws:elasticloadbalancing:us-west-2:380328920516:listener-rule/app/cs6650-assignment03-alb/e8f309b58096d062/c05afe00675a4a1d/b6aa46fa6be48db5",
            "listener_arn": "arn:aws:elasticloadbalancing:us-west-2:380328920516:listener/app/cs6650-assignment03-alb/e8f309b58096d062/c05afe00675a4a1d",
            "priority": 300,
            "tags": {
              "Name": "cs6650-assignment03-cca-rule",
              "Project": "cs6650-assignment03"
            },
            "tags_all": {
              "Name": "cs6650-assignment03-cca-rule",
              "Project": "cs6650-assignment03"
            }
          },
          "sensitive_attributes": [],
          "private": "bnVsbA==",
          "dependencies": [
            "aws_lb.main",
            "aws_lb_listener.http",
            "aws_lb_target_group.credit_card",
            "aws_security_group.alb",
            "data.aws_subnets.default",
            "data.aws_vpc.default"
          ]
        }
      ]
    },
    {
      "mode": "managed",
      "type": "aws_lb_listener_rule",
      "name": "product_routing",
      "provider": "provider[\"registry.terraform.io/hashicorp/aws\"]",
      "instances": [
        {
          "schema_version": 0,
          "attributes": {
            "action": [
              {
                "authenticate_cognito": [],
                "authenticate_oidc": [],
                "fixed_response": [],
                "forward": [],
                "order": 1,
                "redirect": [],
                "target_group_arn": "arn:aws:elasticloadbalancing:us-west-2:380328920516:targetgroup/cs6650-assignment03-product-tg/186af8a2338d69b7",
                "type": "forward"
              }
            ],
            "arn": "arn:aws:elasticloadbalancing:us-west-2:380328920516:listener-rule/app/cs6650-assignment03-alb/e8f309b58096d062/c05afe00675a4a1d/275fba0a1971e21e",
            "condition": [
              {
                "host_header": [],
                "http_header": [],
                "http_request_method": [],
                "path_pattern": [
                  {
                    "values": [
                      "/product*"
                    ]
                  }
                ],
                "query_string": [],
                "source_ip": []
              }
            ],
            "id": "arn:aws:elasticloadbalancing:us-west-2:380328920516:listener-rule/app/cs6650-assignment03-alb/e8f309b58096d062/c05afe00675a4a1d/275fba0a1971e21e",
            "listener_arn": "arn:aws:elasticloadbalancing:us-west-2:380328920516:listener/app/cs6650-assignment03-alb/e8f309b58096d062/c05afe00675a4a1d",
            "priority": 100,
            "tags": {
              "Name": "cs6650-assignment03-product-rule",
              "Project": "cs6650-assignment03"
            },
            "tags_all": {
              "Name": "cs6650-assignment03-product-rule",
              "Project": "cs6650-assignment03"
            }
          },
          "sensitive_attributes": [],
          "private": "bnVsbA==",
          "dependencies": [
            "aws_lb.main",
            "aws_lb_listener.http",
            "aws_lb_target_group.product",
            "aws_security_group.alb",
            "data.aws_subnets.default",
            "data.aws_vpc.default"
          ]
        }
      ]
    },
    {
      "mode": "managed",
      "type": "aws_lb_listener_rule",
      "name": "shopping_cart_routing",
      "provider": "provider[\"registry.terraform.io/hashicorp/aws\"]",
      "instances": [
        {
          "schema_version": 0,
          "attributes": {
            "action": [
              {
                "authenticate_cognito": [],
                "authenticate_oidc": [],
                "fixed_response": [],
                "forward": [],
                "order": 1,
                "redirect": [],
                "target_group_arn": "arn:aws:elasticloadbalancing:us-west-2:380328920516:targetgroup/cs6650-assignment03-cart-tg/b5a7f944a2077b6a",
                "type": "forward"
              }
            ],
            "arn": "arn:aws:elasticloadbalancing:us-west-2:380328920516:listener-rule/app/cs6650-assignment03-alb/e8f309b58096d062/c05afe00675a4a1d/9b96f7f97bdff701",
            "condition": [
              {
                "host_header": [],
                "http_header": [],
                "http_request_method": [],
                "path_pattern": [
                  {
                    "values": [
                      "/shopping-cart*"
                    ]
                  }
                ],
                "query_string": [],
                "source_ip": []
              }
            ],
            "id": "arn:aws:elasticloadbalancing:us-west-2:380328920516:listener-rule/app/cs6650-assignment03-alb/e8f309b58096d062/c05afe00675a4a1d/9b96f7f97bdff701",
            "listener_arn": "arn:aws:elasticloadbalancing:us-west-2:380328920516:listener/app/cs6650-assignment03-alb/e8f309b58096d062/c05afe00675a4a1d",
            "priority": 200,
            "tags": {
              "Name": "cs6650-assignment03-cart-rule",
              "Project": "cs6650-assignment03"
            },
            "tags_all": {
              "Name": "cs6650-assignment03-cart-rule",
              "Project": "cs6650-assignment03"
            }
          },
          "sensitive_attributes": [],
          "private": "bnVsbA==",
          "dependencies": [
            "aws_lb.main",
            "aws_lb_listener.http",
            "aws_lb_target_group.shopping_cart",
            "aws_security_group.alb",
            "data.aws_subnets.default",
            "data.aws_vpc.default"
          ]
        }
      ]
    },
    {
      "mode": "managed",
      "type": "aws_lb_target_group",
      "name": "credit_card",
      "provider": "provider[\"registry.terraform.io/hashicorp/aws\"]",
      "instances": [
        {
          "schema_version": 0,
          "attributes": {
            "arn": "arn:aws:elasticloadbalancing:us-west-2:380328920516:targetgroup/cs6650-assignment03-cca-tg/33137814b0bf455b",
            "arn_suffix": "targetgroup/cs6650-assignment03-cca-tg/33137814b0bf455b",
            "connection_termination": null,
            "deregistration_delay": "300",
            "health_check": [
              {
                "enabled": true,
                "healthy_threshold": 2,
                "interval": 30,
                "matcher": "200",
                "path": "/health",
                "port": "traffic-port",
                "protocol": "HTTP",
                "timeout": 5,
                "unhealthy_threshold": 10
              }
            ],
            "id": "arn:aws:elasticloadbalancing:us-west-2:380328920516:targetgroup/cs6650-assignment03-cca-tg/33137814b0bf455b",
            "ip_address_type": "ipv4",
            "lambda_multi_value_headers_enabled": false,
            "load_balancer_arns": [],
            "load_balancing_algorithm_type": "weighted_random",
            "load_balancing_anomaly_mitigation": "on",
            "load_balancing_cross_zone_enabled": "use_load_balancer_configuration",
            "name": "cs6650-assignment03-cca-tg",
            "name_prefix": "",
            "port": 8080,
            "preserve_client_ip": null,
            "protocol": "HTTP",
            "protocol_version": "HTTP1",
            "proxy_protocol_v2": false,
            "slow_start": 0,
            "stickiness": [
              {
                "cookie_duration": 86400,
                "cookie_name": "",
                "enabled": false,
                "type": "lb_cookie"
              }
            ],
            "tags": {
              "Name": "cs6650-assignment03-cca-tg",
              "Project": "cs6650-assignment03"
            },
            "tags_all": {
              "Name": "cs6650-assignment03-cca-tg",
              "Project": "cs6650-assignment03"
            },
            "target_failover": [
              {
                "on_deregistration": null,
                "on_unhealthy": null
              }
            ],
            "target_group_health": [
              {
                "dns_failover": [
                  {
                    "minimum_healthy_targets_count": "1",
                    "minimum_healthy_targets_percentage": "off"
                  }
                ],
                "unhealthy_state_routing": [
                  {
                    "minimum_healthy_targets_count": 1,
                    "minimum_healthy_targets_percentage": "off"
                  }
                ]
              }
            ],
            "target_health_state": [
              {
                "enable_unhealthy_connection_termination": null,
                "unhealthy_draining_interval": null
              }
            ],
            "target_type": "ip",
            "vpc_id": "vpc-0e40add122b19c2be"
          },
          "sensitive_attributes": [],
          "private": "bnVsbA==",
          "dependencies": [
            "data.aws_vpc.default"
          ]
        }
      ]
    },
    {
      "mode": "managed",
      "type": "aws_lb_target_group",
      "name": "product",
      "provider": "provider[\"registry.terraform.io/hashicorp/aws\"]",
      "instances": [
        {
          "schema_version": 0,
          "attributes": {
            "arn": "arn:aws:elasticloadbalancing:us-west-2:380328920516:targetgroup/cs6650-assignment03-product-tg/186af8a2338d69b7",
            "arn_suffix": "targetgroup/cs6650-assignment03-product-tg/186af8a2338d69b7",
            "connection_termination": null,
            "deregistration_delay": "300",
            "health_check": [
              {
                "enabled": true,
                "healthy_threshold": 2,
                "interval": 30,
                "matcher": "200",
                "path": "/health",
                "port": "traffic-port",
                "protocol": "HTTP",
                "timeout": 5,
                "unhealthy_threshold": 10
              }
            ],
            "id": "arn:aws:elasticloadbalancing:us-west-2:380328920516:targetgroup/cs6650-assignment03-product-tg/186af8a2338d69b7",
            "ip_address_type": "ipv4",
            "lambda_multi_value_headers_enabled": false,
            "load_balancer_arns": [],
            "load_balancing_algorithm_type": "weighted_random",
            "load_balancing_anomaly_mitigation": "on",
            "load_balancing_cross_zone_enabled": "use_load_balancer_configuration",
            "name": "cs6650-assignment03-product-tg",
            "name_prefix": "",
            "port": 8080,
            "preserve_client_ip": null,
            "protocol": "HTTP",
            "protocol_version": "HTTP1",
            "proxy_protocol_v2": false,
            "slow_start": 0,
            "stickiness": [
              {
                "cookie_duration": 86400,
                "cookie_name": "",
                "enabled": false,
                "type": "lb_cookie"
              }
            ],
            "tags": {
              "Name": "cs6650-assignment03-product-tg",
              "Project": "cs6650-assignment03"
            },
            "tags_all": {
              "Name": "cs6650-assignment03-product-tg",
              "Project": "cs6650-assignment03"
            },
            "target_failover": [
              {
                "on_deregistration": null,
                "on_unhealthy": null
              }
            ],
            "target_group_health": [
              {
                "dns_failover": [
                  {
                    "minimum_healthy_targets_count": "1",
                    "minimum_healthy_targets_percentage": "off"
                  }
                ],
                "unhealthy_state_routing": [
                  {
                    "minimum_healthy_targets_count": 1,
                    "minimum_healthy_targets_percentage": "off"
                  }
                ]
              }
            ],
            "target_health_state": [
              {
                "enable_unhealthy_connection_termination": null,
                "unhealthy_draining_interval": null
              }
            ],
            "target_type": "ip",
            "vpc_id": "vpc-0e40add122b19c2be"
          },
          "sensitive_attributes": [],
          "private": "bnVsbA==",
          "dependencies": [
            "data.aws_vpc.default"
          ]
        }
      ]
    },
    {
      "mode": "managed",
      "type": "aws_lb_target_group",
      "name": "shopping_cart",
      "provider": "provider[\"registry.terraform.io/hashicorp/aws\"]",
      "instances": [
        {
          "schema_version": 0,
          "attributes": {
            "arn": "arn:aws:elasticloadbalancing:us-west-2:380328920516:targetgroup/cs6650-assignment03-cart-tg/b5a7f944a2077b6a",
            "arn_suffix": "targetgroup/cs6650-assignment03-cart-tg/b5a7f944a2077b6a",
            "connection_termination": null,
            "deregistration_delay": "300",
            "health_check": [
              {
                "enabled": true,
                "healthy_threshold": 2,
                "interval": 30,
                "matcher": "200",
                "path": "/health",
                "port": "traffic-port",
                "protocol": "HTTP",
                "timeout": 5,
                "unhealthy_threshold": 10
              }
            ],
            "id": "arn:aws:elasticloadbalancing:us-west-2:380328920516:targetgroup/cs6650-assignment03-cart-tg/b5a7f944a2077b6a",
            "ip_address_type": "ipv4",
            "lambda_multi_value_headers_enabled": false,
            "load_balancer_arns": [],
            "load_balancing_algorithm_type": "weighted_random",
            "load_balancing_anomaly_mitigation": "on",
            "load_balancing_cross_zone_enabled": "use_load_balancer_configuration",
            "name": "cs6650-assignment03-cart-tg",
            "name_prefix": "",
            "port": 8080,
            "preserve_client_ip": null,
            "protocol": "HTTP",
            "protocol_version": "HTTP1",
            "proxy_protocol_v2": false,
            "slow_start": 0,
            "stickiness": [
              {
                "cookie_duration": 86400,
                "cookie_name": "",
                "enabled": false,
                "type": "lb_cookie"
              }
            ],
            "tags": {
              "Name": "cs6650-assignment03-cart-tg",
              "Project": "cs6650-assignment03"
            },
            "tags_all": {
              "Name": "cs6650-assignment03-cart-tg",
              "Project": "cs6650-assignment03"
            },
            "target_failover": [
              {
                "on_deregistration": null,
                "on_unhealthy": null
              }
            ],
            "target_group_health": [
              {
                "dns_failover": [
                  {
                    "minimum_healthy_targets_count": "1",
                    "minimum_healthy_targets_percentage": "off"
                  }
                ],
                "unhealthy_state_routing": [
                  {
                    "minimum_healthy_targets_count": 1,
                    "minimum_healthy_targets_percentage": "off"
                  }
                ]
              }
            ],
            "target_health_state": [
              {
                "enable_unhealthy_connection_termination": null,
                "unhealthy_draining_interval": null
              }
            ],
            "target_type": "ip",
            "vpc_id": "vpc-0e40add122b19c2be"
          },
          "sensitive_attributes": [],
          "private": "bnVsbA==",
          "dependencies": [
            "data.aws_vpc.default"
          ]
        }
      ]
    },
    {
      "mode": "managed",
      "type": "aws_security_group",
      "name": "alb",
      "provider": "provider[\"registry.terraform.io/hashicorp/aws\"]",
      "instances": [
        {
          "schema_version": 1,
          "attributes": {
            "arn": "arn:aws:ec2:us-west-2:380328920516:security-group/sg-01e35663af7c64f81",
            "description": "Allow inbound HTTP to the Application Load Balancer",
            "egress": [
              {
                "cidr_blocks": [
                  "0.0.0.0/0"
                ],
                "description": "Allow all outbound",
                "from_port": 0,
                "ipv6_cidr_blocks": [],
                "prefix_list_ids": [],
                "protocol": "-1",
                "security_groups": [],
                "self": false,
                "to_port": 0
              }
            ],
            "id": "sg-01e35663af7c64f81",
            "ingress": [
              {
                "cidr_blocks": [
                  "0.0.0.0/0"
                ],
                "description": "HTTP from anywhere",
                "from_port": 80,
                "ipv6_cidr_blocks": [],
                "prefix_list_ids": [],
                "protocol": "tcp",
                "security_groups": [],
                "self": false,
                "to_port": 80
              }
            ],
            "name": "cs6650-assignment03-alb-sg",
            "name_prefix": "",
            "owner_id": "380328920516",
            "revoke_rules_on_delete": false,
            "tags": {
              "Name": "cs6650-assignment03-alb-sg",
              "Project": "cs6650-assignment03"
            },
            "tags_all": {
              "Name": "cs6650-assignment03-alb-sg",
              "Project": "cs6650-assignment03"
            },
            "timeouts": null,
            "vpc_id": "vpc-0e40add122b19c2be"
          },
          "sensitive_attributes": [],
          "private": "eyJlMmJmYjczMC1lY2FhLTExZTYtOGY4OC0zNDM2M2JjN2M0YzAiOnsiY3JlYXRlIjo2MDAwMDAwMDAwMDAsImRlbGV0ZSI6OTAwMDAwMDAwMDAwfSwic2NoZW1hX3ZlcnNpb24iOiIxIn0=",
          "dependencies": [
            "data.aws_vpc.default"
          ]
        }
      ]
    },
    {
      "mode": "managed",
      "type": "aws_security_group",
      "name": "ecs_services",
      "provider": "provider[\"registry.terraform.io/hashicorp/aws\"]",
      "instances": [
        {
          "schema_version": 1,
          "attributes": {
            "arn": "arn:aws:ec2:us-west-2:380328920516:security-group/sg-09af785f3d5f50aba",
            "description": "Allow traffic from ALB to ECS microservices",
            "egress": [
              {
                "cidr_blocks": [
                  "0.0.0.0/0"
                ],
                "description": "Allow all outbound",
                "from_port": 0,
                "ipv6_cidr_blocks": [],
                "prefix_list_ids": [],
                "protocol": "-1",
                "security_groups": [],
                "self": false,
                "to_port": 0
              }
            ],
            "id": "sg-09af785f3d5f50aba",
            "ingress": [
              {
                "cidr_blocks": [],
                "description": "Inter-service communication",
                "from_port": 8080,
                "ipv6_cidr_blocks": [],
                "prefix_list_ids": [],
                "protocol": "tcp",
                "security_groups": [],
                "self": true,
                "to_port": 8080
              },
              {
                "cidr_blocks": [],
                "description": "Traffic from ALB",
                "from_port": 8080,
                "ipv6_cidr_blocks": [],
                "prefix_list_ids": [],
                "protocol": "tcp",
                "security_groups": [
                  "sg-01e35663af7c64f81"
                ],
                "self": false,
                "to_port": 8080
              }
            ],
            "name": "cs6650-assignment03-ecs-sg",
            "name_prefix": "",
            "owner_id": "380328920516",
            "revoke_rules_on_delete": false,
            "tags": {
              "Name": "cs6650-assignment03-ecs-sg",
              "Project": "cs6650-assignment03"
            },
            "tags_all": {
              "Name": "cs6650-assignment03-ecs-sg",
              "Project": "cs6650-assignment03"
            },
            "timeouts": null,
            "vpc_id": "vpc-0e40add122b19c2be"
          },
          "sensitive_attributes": [],
          "private": "eyJlMmJmYjczMC1lY2FhLTExZTYtOGY4OC0zNDM2M2JjN2M0YzAiOnsiY3JlYXRlIjo2MDAwMDAwMDAwMDAsImRlbGV0ZSI6OTAwMDAwMDAwMDAwfSwic2NoZW1hX3ZlcnNpb24iOiIxIn0=",
          "dependencies": [
            "aws_security_group.alb",
            "data.aws_vpc.default"
          ]
        }
      ]
    },
    {
      "mode": "managed",
      "type": "aws_security_group",
      "name": "rabbitmq",
      "provider": "provider[\"registry.terraform.io/hashicorp/aws\"]",
      "instances": [
        {
          "schema_version": 1,
          "attributes": {
            "arn": "arn:aws:ec2:us-west-2:380328920516:security-group/sg-085fc017359faf1c0",
            "description": "Allow AMQP from ECS services and management UI access",
            "egress": [
              {
                "cidr_blocks": [
                  "0.0.0.0/0"
                ],
                "description": "Allow all outbound",
                "from_port": 0,
                "ipv6_cidr_blocks": [],
                "prefix_list_ids": [],
                "protocol": "-1",
                "security_groups": [],
                "self": false,
                "to_port": 0
              }
            ],
            "id": "sg-085fc017359faf1c0",
            "ingress": [
              {
                "cidr_blocks": [
                  "0.0.0.0/0"
                ],
                "description": "RabbitMQ management console",
                "from_port": 15672,
                "ipv6_cidr_blocks": [],
                "prefix_list_ids": [],
                "protocol": "tcp",
                "security_groups": [],
                "self": false,
                "to_port": 15672
              },
              {
                "cidr_blocks": [],
                "description": "AMQP from ECS services",
                "from_port": 5672,
                "ipv6_cidr_blocks": [],
                "prefix_list_ids": [],
                "protocol": "tcp",
                "security_groups": [
                  "sg-09af785f3d5f50aba"
                ],
                "self": false,
                "to_port": 5672
              }
            ],
            "name": "cs6650-assignment03-rabbitmq-sg",
            "name_prefix": "",
            "owner_id": "380328920516",
            "revoke_rules_on_delete": false,
            "tags": {
              "Name": "cs6650-assignment03-rabbitmq-sg",
              "Project": "cs6650-assignment03"
            },
            "tags_all": {
              "Name": "cs6650-assignment03-rabbitmq-sg",
              "Project": "cs6650-assignment03"
            },
            "timeouts": null,
            "vpc_id": "vpc-0e40add122b19c2be"
          },
          "sensitive_attributes": [],
          "private": "eyJlMmJmYjczMC1lY2FhLTExZTYtOGY4OC0zNDM2M2JjN2M0YzAiOnsiY3JlYXRlIjo2MDAwMDAwMDAwMDAsImRlbGV0ZSI6OTAwMDAwMDAwMDAwfSwic2NoZW1hX3ZlcnNpb24iOiIxIn0=",
          "dependencies": [
            "aws_security_group.alb",
            "aws_security_group.ecs_services",
            "data.aws_vpc.default"
          ]
        }
      ]
    }
  ],
  "check_results": null
}
